lockfileVersion: 5.4

specifiers:
  next: 13.0.2-canary.0
  package-with-css: file:./package-with-css
  react: 18.2.0
  react-dom: 18.2.0

dependencies:
  next: 13.0.2-canary.0_biqbaboplfbrettd7655fr4n2y
  package-with-css: file:package-with-css
  react: 18.2.0
  react-dom: 18.2.0_react@18.2.0

packages:

  /@next/env/13.0.2-canary.0:
    resolution: {integrity: sha512-1txbUgNUfECTLl0be7SaiiZ6jsZFPhaCAzkySbnf5CNrzK7+F44nr1dTMhBrjOet3JznUooHxCaRP3P1uunQHg==}
    dev: false

  /@next/swc-android-arm-eabi/13.0.2-canary.0:
    resolution: {integrity: sha512-lI8E3LL81MJbD+TDPrv6OgGZXXZDzUoIHs7hNMkCBDH4H8ZCA+JTgx7kZwSkiWZJV9IRlayL57OukwhQf37rbQ==}
    engines: {node: '>= 10'}
    cpu: [arm]
    os: [android]
    requiresBuild: true
    dev: false
    optional: true

  /@next/swc-android-arm64/13.0.2-canary.0:
    resolution: {integrity: sha512-yXU4tLVtPJPetbJ6M3xpUtJvSiUwpwJn96m8baOzOLXK2J68FyRinElrnDm3p8+gusplSMMtI6sHUEH79YjtZQ==}
    engines: {node: '>= 10'}
    cpu: [arm64]
    os: [android]
    requiresBuild: true
    dev: false
    optional: true

  /@next/swc-darwin-arm64/13.0.2-canary.0:
    resolution: {integrity: sha512-KmftI0GxUNu0R+8LlXtmC6MphpLEvRNkEbKUInpc5mI9mrP6z22y3sdq+KdVYOLyRdMxNXtgkVSHwjwudOGMtQ==}
    engines: {node: '>= 10'}
    cpu: [arm64]
    os: [darwin]
    requiresBuild: true
    dev: false
    optional: true

  /@next/swc-darwin-x64/13.0.2-canary.0:
    resolution: {integrity: sha512-OqPWMjXIL/uUVOjmi2n4rsMgawhbK7kmeJA+FZuYbgxM9QKGkQBemvNm1XT7yuS+w1tbsjBs22jpE3GHdba+Aw==}
    engines: {node: '>= 10'}
    cpu: [x64]
    os: [darwin]
    requiresBuild: true
    dev: false
    optional: true

  /@next/swc-freebsd-x64/13.0.2-canary.0:
    resolution: {integrity: sha512-o0xqj6sW7T7r/bVfOmf/AiEQ/LJW5UEWP1AeWVDb0CJjC5Ox0cCJxld4PfeAp0DNkfL5fLbUCf4DAyb+v8eN5Q==}
    engines: {node: '>= 10'}
    cpu: [x64]
    os: [freebsd]
    requiresBuild: true
    dev: false
    optional: true

  /@next/swc-linux-arm-gnueabihf/13.0.2-canary.0:
    resolution: {integrity: sha512-I5reqyWYOrRt41YQeqeQ4oEF88YNbZYOYYRD4otTwhgDsmzxyzJvWQEt/yN2qABieyaxRRUjDp2WmCRZyiSm+Q==}
    engines: {node: '>= 10'}
    cpu: [arm]
    os: [linux]
    requiresBuild: true
    dev: false
    optional: true

  /@next/swc-linux-arm64-gnu/13.0.2-canary.0:
    resolution: {integrity: sha512-/IZmZcP6WrnD7PcXEvesWEK17uF8mD064d32ZsSh7ihCayfg2SSy4uyoyXPTtWxDAqI6zPGz51TJ48YLA04mMQ==}
    engines: {node: '>= 10'}
    cpu: [arm64]
    os: [linux]
    requiresBuild: true
    dev: false
    optional: true

  /@next/swc-linux-arm64-musl/13.0.2-canary.0:
    resolution: {integrity: sha512-gE2n2INJlcjdOxDOzMtwBZ+lsxXq+mJsaa/2L9upzLLtI/k1ooz/sJnm6Pzz8LmRcd4LluGxBO4akc7TejeZoA==}
    engines: {node: '>= 10'}
    cpu: [arm64]
    os: [linux]
    requiresBuild: true
    dev: false
    optional: true

  /@next/swc-linux-x64-gnu/13.0.2-canary.0:
    resolution: {integrity: sha512-2AL9L4DRGPWGcSY+4s4u/opCfXW3RqN++6OuWDhlUlFwMsb12P1iClc+ksF3/+jp1BqA6q20mAU4//XoLM/6kw==}
    engines: {node: '>= 10'}
    cpu: [x64]
    os: [linux]
    requiresBuild: true
    dev: false
    optional: true

  /@next/swc-linux-x64-musl/13.0.2-canary.0:
    resolution: {integrity: sha512-VGXiHlsw9GF/WP2KmS2+IYnSLPTIxPl9EJhPlUJ3OYGmwMSxKLA90Rp/uQP9Wg1VL+3oZlvQHl5wp9jGsWW3ug==}
    engines: {node: '>= 10'}
    cpu: [x64]
    os: [linux]
    requiresBuild: true
    dev: false
    optional: true

  /@next/swc-win32-arm64-msvc/13.0.2-canary.0:
    resolution: {integrity: sha512-/rrxFI5Klxd8GgSbBUuEgHmwXXsxo2KvhZYn23d3mZPgvT35FMPmNzQBOm9z35EyHBS2hzRTjASdHYy6/uQmvg==}
    engines: {node: '>= 10'}
    cpu: [arm64]
    os: [win32]
    requiresBuild: true
    dev: false
    optional: true

  /@next/swc-win32-ia32-msvc/13.0.2-canary.0:
    resolution: {integrity: sha512-MHMzX1HE+vPjzYbWUiq/a5fNhHewtX8sEfxlX2gyt2mQYWG9FXLah741JsUtejHcJJh1brZXj01qmKgWHHSm8Q==}
    engines: {node: '>= 10'}
    cpu: [ia32]
    os: [win32]
    requiresBuild: true
    dev: false
    optional: true

  /@next/swc-win32-x64-msvc/13.0.2-canary.0:
    resolution: {integrity: sha512-mOrNJj8S7k6abYdBSUWdTcp94twGO4kg5QOkeMh3k2hoQ0V88w+K0301BtFIDTcj/3DOml1TtDE7eB0gW6+93A==}
    engines: {node: '>= 10'}
    cpu: [x64]
    os: [win32]
    requiresBuild: true
    dev: false
    optional: true

  /@swc/helpers/0.4.11:
    resolution: {integrity: sha512-rEUrBSGIoSFuYxwBYtlUFMlE2CwGhmW+w9355/5oduSw8e5h2+Tj4UrAGNNgP9915++wj5vkQo0UuOBqOAq4nw==}
    dependencies:
      tslib: 2.4.0
    dev: false

  /caniuse-lite/1.0.30001427:
    resolution: {integrity: sha512-lfXQ73oB9c8DP5Suxaszm+Ta2sr/4tf8+381GkIm1MLj/YdLf+rEDyDSRCzeltuyTVGm+/s18gdZ0q+Wmp8VsQ==}
    dev: false

  /client-only/0.0.1:
    resolution: {integrity: sha512-IV3Ou0jSMzZrd3pZ48nLkT9DA7Ag1pnPzaiQhpW7c3RbcqqzvzzVu+L8gfqMp/8IM2MQtSiqaCxrrcfu8I8rMA==}
    dev: false

  /js-tokens/4.0.0:
    resolution: {integrity: sha512-RdJUflcE3cUzKiMqQgsCu06FPu9UdIJO0beYbPhHN4k6apgJtifcoCtT9bcxOpYBtpD2kCM6Sbzg4CausW/PKQ==}
    dev: false

  /loose-envify/1.4.0:
    resolution: {integrity: sha512-lyuxPGr/Wfhrlem2CL/UcnUc1zcqKAImBDzukY7Y5F/yQiNdko6+fRLevlw1HgMySw7f611UIY408EtxRSoK3Q==}
    hasBin: true
    dependencies:
      js-tokens: 4.0.0
    dev: false

  /nanoid/3.3.4:
    resolution: {integrity: sha512-MqBkQh/OHTS2egovRtLk45wEyNXwF+cokD+1YPf9u5VfJiRdAiRwB2froX5Co9Rh20xs4siNPm8naNotSD6RBw==}
    engines: {node: ^10 || ^12 || ^13.7 || ^14 || >=15.0.1}
    hasBin: true
    dev: false

  /next/13.0.2-canary.0_biqbaboplfbrettd7655fr4n2y:
    resolution: {integrity: sha512-YwlgkP+jLo25D5WG+xBCzVUixwk8hztNbC2Jn8nYCSRh80yxsfnq5syGHgvKCvG8ZYI3wjG3Ml/2tFMk086EQA==}
    engines: {node: '>=14.6.0'}
    hasBin: true
    peerDependencies:
      fibers: '>= 3.1.0'
      node-sass: ^6.0.0 || ^7.0.0
      react: ^18.2.0
      react-dom: ^18.2.0
      sass: ^1.3.0
    peerDependenciesMeta:
      fibers:
        optional: true
      node-sass:
        optional: true
      sass:
        optional: true
    dependencies:
      '@next/env': 13.0.2-canary.0
      '@swc/helpers': 0.4.11
      caniuse-lite: 1.0.30001427
      postcss: 8.4.14
      react: 18.2.0
      react-dom: 18.2.0_react@18.2.0
      styled-jsx: 5.1.0_react@18.2.0
      use-sync-external-store: 1.2.0_react@18.2.0
    optionalDependencies:
      '@next/swc-android-arm-eabi': 13.0.2-canary.0
      '@next/swc-android-arm64': 13.0.2-canary.0
      '@next/swc-darwin-arm64': 13.0.2-canary.0
      '@next/swc-darwin-x64': 13.0.2-canary.0
      '@next/swc-freebsd-x64': 13.0.2-canary.0
      '@next/swc-linux-arm-gnueabihf': 13.0.2-canary.0
      '@next/swc-linux-arm64-gnu': 13.0.2-canary.0
      '@next/swc-linux-arm64-musl': 13.0.2-canary.0
      '@next/swc-linux-x64-gnu': 13.0.2-canary.0
      '@next/swc-linux-x64-musl': 13.0.2-canary.0
      '@next/swc-win32-arm64-msvc': 13.0.2-canary.0
      '@next/swc-win32-ia32-msvc': 13.0.2-canary.0
      '@next/swc-win32-x64-msvc': 13.0.2-canary.0
    transitivePeerDependencies:
      - '@babel/core'
      - babel-plugin-macros
    dev: false

  /picocolors/1.0.0:
    resolution: {integrity: sha512-1fygroTLlHu66zi26VoTDv8yRgm0Fccecssto+MhsZ0D/DGW2sm8E8AjW7NU5VVTRt5GxbeZ5qBuJr+HyLYkjQ==}
    dev: false

  /postcss/8.4.14:
    resolution: {integrity: sha512-E398TUmfAYFPBSdzgeieK2Y1+1cpdxJx8yXbK/m57nRhKSmk1GB2tO4lbLBtlkfPQTDKfe4Xqv1ASWPpayPEig==}
    engines: {node: ^10 || ^12 || >=14}
    dependencies:
      nanoid: 3.3.4
      picocolors: 1.0.0
      source-map-js: 1.0.2
    dev: false

  /react-dom/18.2.0_react@18.2.0:
    resolution: {integrity: sha512-6IMTriUmvsjHUjNtEDudZfuDQUoWXVxKHhlEGSk81n4YFS+r/Kl99wXiwlVXtPBtJenozv2P+hxDsw9eA7Xo6g==}
    peerDependencies:
      react: ^18.2.0
    dependencies:
      loose-envify: 1.4.0
      react: 18.2.0
      scheduler: 0.23.0
    dev: false

  /react/18.2.0:
    resolution: {integrity: sha512-/3IjMdb2L9QbBdWiW5e3P2/npwMBaU9mHCSCUzNln0ZCYbcfTsGbTJrU/kGemdH2IWmB2ioZ+zkxtmq6g09fGQ==}
    engines: {node: '>=0.10.0'}
    dependencies:
      loose-envify: 1.4.0
    dev: false

  /scheduler/0.23.0:
    resolution: {integrity: sha512-CtuThmgHNg7zIZWAXi3AsyIzA3n4xx7aNyjwC2VJldO2LMVDhFK+63xGqq6CsJH4rTAt6/M+N4GhZiDYPx9eUw==}
    dependencies:
      loose-envify: 1.4.0
    dev: false

  /source-map-js/1.0.2:
    resolution: {integrity: sha512-R0XvVJ9WusLiqTCEiGCmICCMplcCkIwwR11mOSD9CR5u+IXYdiseeEuXCVAjS54zqwkLcPNnmU4OeJ6tUrWhDw==}
    engines: {node: '>=0.10.0'}
    dev: false

  /styled-jsx/5.1.0_react@18.2.0:
    resolution: {integrity: sha512-/iHaRJt9U7T+5tp6TRelLnqBqiaIT0HsO0+vgyj8hK2KUk7aejFqRrumqPUlAqDwAj8IbS/1hk3IhBAAK/FCUQ==}
    engines: {node: '>= 12.0.0'}
    peerDependencies:
      '@babel/core': '*'
      babel-plugin-macros: '*'
      react: '>= 16.8.0 || 17.x.x || ^18.0.0-0'
    peerDependenciesMeta:
      '@babel/core':
        optional: true
      babel-plugin-macros:
        optional: true
    dependencies:
      client-only: 0.0.1
      react: 18.2.0
    dev: false

  /tslib/2.4.0:
    resolution: {integrity: sha512-d6xOpEDfsi2CZVlPQzGeux8XMwLT9hssAsaPYExaQMuYskwb+x1x7J371tWlbBdWHroy99KnVB6qIkUbs5X3UQ==}
    dev: false

  /use-sync-external-store/1.2.0_react@18.2.0:
    resolution: {integrity: sha512-eEgnFxGQ1Ife9bzYs6VLi8/4X6CObHMw9Qr9tPY43iKwsPw8xE8+EFsf/2cFZ5S3esXgpWgtSCtLNS41F+sKPA==}
    peerDependencies:
      react: ^16.8.0 || ^17.0.0 || ^18.0.0
    dependencies:
      react: 18.2.0
    dev: false

  file:package-with-css:
    resolution: {directory: package-with-css, type: directory}
    name: package-with-css
    version: 0.0.0
    dev: false
